
Microsoft Visual Studio Solution File, Format Version 9.00
# Visual Studio 2005
Project("{FAE04EC0-301F-11D3-BF4B-00C04F79EFBC}") = "TestApp", "TestApp\TestApp.csproj", "{F2491DCE-1D01-45FE-8432-23F0C1423E90}"
EndProject
Project("{FAE04EC0-301F-11D3-BF4B-00C04F79EFBC}") = "de.christianleberfinger.dotnet.pocketknife", "de.christianleberfinger.dotnet.pocketknife\de.christianleberfinger.dotnet.pocketknife.csproj", "{FA5642EA-EF04-4FB1-ADB1-1742042F775F}"
EndProject
Global
	GlobalSection(SolutionConfigurationPlatforms) = preSolution
		Debug|Any CPU = Debug|Any CPU
		Release|Any CPU = Release|Any CPU
	EndGlobalSection
	GlobalSection(ProjectConfigurationPlatforms) = postSolution
		{F2491DCE-1D01-45FE-8432-23F0C1423E90}.Debug|Any CPU.ActiveCfg = Debug|Any CPU
		{F2491DCE-1D01-45FE-8432-23F0C1423E90}.Debug|Any CPU.Build.0 = Debug|Any CPU
		{F2491DCE-1D01-45FE-8432-23F0C1423E90}.Release|Any CPU.ActiveCfg = Release|Any CPU
		{F2491DCE-1D01-45FE-8432-23F0C1423E90}.Release|Any CPU.Build.0 = Release|Any CPU
		{FA5642EA-EF04-4FB1-ADB1-1742042F775F}.Debug|Any CPU.ActiveCfg = Debug|Any CPU
		{FA5642EA-EF04-4FB1-ADB1-1742042F775F}.Debug|Any CPU.Build.0 = Debug|Any CPU
		{FA5642EA-EF04-4FB1-ADB1-1742042F775F}.Release|Any CPU.ActiveCfg = Release|Any CPU
		{FA5642EA-EF04-4FB1-ADB1-1742042F775F}.Release|Any CPU.Build.0 = Release|Any CPU
	EndGlobalSection
	GlobalSection(SolutionProperties) = preSolution
		HideSolutionNode = FALSE
	EndGlobalSection
EndGlobal
